<?xml version="1.0" encoding="UTF-8"?>
<!DOCTYPE plist PUBLIC "-//Apple//DTD PLIST 1.0//EN" "http://www.apple.com/DTDs/PropertyList-1.0.dtd">
<plist version="1.0">
<dict>
	<key>archiveVersion</key>
	<string>1</string>
	<key>classes</key>
	<dict/>
	<key>objectVersion</key>
	<string>46</string>
	<key>objects</key>
	<dict>
		<key>083140CF3EB5C7AA6A914EFD</key>
		<dict>
			<key>buildActionMask</key>
			<string>2147483647</string>
			<key>files</key>
			<array/>
			<key>inputPaths</key>
			<array/>
			<key>isa</key>
			<string>PBXShellScriptBuildPhase</string>
			<key>name</key>
			<string>Copy Pods Resources</string>
			<key>outputPaths</key>
			<array/>
			<key>runOnlyForDeploymentPostprocessing</key>
			<string>0</string>
			<key>shellPath</key>
			<string>/bin/sh</string>
			<key>shellScript</key>
			<string>"${SRCROOT}/Pods/Target Support Files/Pods-iBiergartenTests/Pods-iBiergartenTests-resources.sh"
</string>
			<key>showEnvVarsInLog</key>
			<string>0</string>
		</dict>
		<key>0B0D1CB61A752465008FD607</key>
		<dict>
			<key>children</key>
			<array>
				<string>0B80D1301A8E725400B51CFC</string>
				<string>0B207DAE1A877B1F00DC0A3F</string>
				<string>0B207DAB1A877B0F00DC0A3F</string>
				<string>0B207DAC1A877B0F00DC0A3F</string>
				<string>0B0D1CB71A75248F008FD607</string>
			</array>
			<key>isa</key>
			<string>PBXGroup</string>
			<key>name</key>
			<string>GPL</string>
			<key>sourceTree</key>
			<string>&lt;group&gt;</string>
		</dict>
		<key>0B0D1CB71A75248F008FD607</key>
		<dict>
			<key>fileEncoding</key>
			<string>4</string>
			<key>isa</key>
			<string>PBXFileReference</string>
			<key>lastKnownFileType</key>
			<string>sourcecode.swift</string>
			<key>name</key>
			<string>PWReachability.swift</string>
			<key>path</key>
			<string>iBiergarten/PWReachability.swift</string>
			<key>sourceTree</key>
			<string>&lt;group&gt;</string>
		</dict>
		<key>0B0D1CB81A75248F008FD607</key>
		<dict>
			<key>fileRef</key>
			<string>0B0D1CB71A75248F008FD607</string>
			<key>isa</key>
			<string>PBXBuildFile</string>
		</dict>
		<key>0B140D6F1A728A82003CF8E7</key>
		<dict>
			<key>isa</key>
			<string>PBXFileReference</string>
			<key>lastKnownFileType</key>
			<string>folder.assetcatalog</string>
			<key>path</key>
			<string>Images.xcassets</string>
			<key>sourceTree</key>
			<string>&lt;group&gt;</string>
		</dict>
		<key>0B140D701A728A82003CF8E7</key>
		<dict>
			<key>fileRef</key>
			<string>0B140D6F1A728A82003CF8E7</string>
			<key>isa</key>
			<string>PBXBuildFile</string>
		</dict>
		<key>0B207DAB1A877B0F00DC0A3F</key>
		<dict>
			<key>fileEncoding</key>
			<string>4</string>
			<key>isa</key>
			<string>PBXFileReference</string>
			<key>lastKnownFileType</key>
			<string>sourcecode.c.h</string>
			<key>path</key>
			<string>HRMViewController.h</string>
			<key>sourceTree</key>
			<string>&lt;group&gt;</string>
		</dict>
		<key>0B207DAC1A877B0F00DC0A3F</key>
		<dict>
			<key>fileEncoding</key>
			<string>4</string>
			<key>isa</key>
			<string>PBXFileReference</string>
			<key>lastKnownFileType</key>
			<string>sourcecode.c.objc</string>
			<key>path</key>
			<string>HRMViewController.m</string>
			<key>sourceTree</key>
			<string>&lt;group&gt;</string>
		</dict>
		<key>0B207DAD1A877B0F00DC0A3F</key>
		<dict>
			<key>fileRef</key>
			<string>0B207DAC1A877B0F00DC0A3F</string>
			<key>isa</key>
			<string>PBXBuildFile</string>
		</dict>
		<key>0B207DAE1A877B1F00DC0A3F</key>
		<dict>
			<key>fileEncoding</key>
			<string>4</string>
			<key>isa</key>
			<string>PBXFileReference</string>
			<key>lastKnownFileType</key>
			<string>text.json</string>
			<key>path</key>
			<string>TopApps.json</string>
			<key>sourceTree</key>
			<string>&lt;group&gt;</string>
		</dict>
		<key>0B207DAF1A877B1F00DC0A3F</key>
		<dict>
			<key>fileRef</key>
			<string>0B207DAE1A877B1F00DC0A3F</string>
			<key>isa</key>
			<string>PBXBuildFile</string>
		</dict>
		<key>0B207DB21A877BBC00DC0A3F</key>
		<dict>
			<key>isa</key>
			<string>PBXFileReference</string>
			<key>lastKnownFileType</key>
			<string>wrapper.framework</string>
			<key>name</key>
			<string>Alamofire.framework</string>
			<key>path</key>
			<string>../../../../Library/Developer/Xcode/DerivedData/iBiergarten-bsigpibmsvsrghayssycmerzhzzz/Build/Products/Debug-iphoneos/Alamofire.framework</string>
			<key>sourceTree</key>
			<string>&lt;group&gt;</string>
		</dict>
		<key>0B207DB41A877BC300DC0A3F</key>
		<dict>
			<key>isa</key>
			<string>PBXFileReference</string>
			<key>lastKnownFileType</key>
			<string>wrapper.framework</string>
			<key>name</key>
			<string>SwiftyJSON.framework</string>
			<key>path</key>
			<string>../../../../Library/Developer/Xcode/DerivedData/iBiergarten-bsigpibmsvsrghayssycmerzhzzz/Build/Products/Debug-iphoneos/SwiftyJSON.framework</string>
			<key>sourceTree</key>
			<string>&lt;group&gt;</string>
		</dict>
		<key>0B207DB61A877BF200DC0A3F</key>
		<dict>
			<key>isa</key>
			<string>PBXFileReference</string>
			<key>lastKnownFileType</key>
			<string>wrapper.framework</string>
			<key>name</key>
			<string>CoreBluetooth.framework</string>
			<key>path</key>
			<string>System/Library/Frameworks/CoreBluetooth.framework</string>
			<key>sourceTree</key>
			<string>SDKROOT</string>
		</dict>
		<key>0B207DB71A877BF200DC0A3F</key>
		<dict>
			<key>fileRef</key>
			<string>0B207DB61A877BF200DC0A3F</string>
			<key>isa</key>
			<string>PBXBuildFile</string>
		</dict>
		<key>0B207DB81A877C0600DC0A3F</key>
		<dict>
			<key>isa</key>
			<string>PBXFileReference</string>
			<key>lastKnownFileType</key>
			<string>wrapper.framework</string>
			<key>name</key>
			<string>Foundation.framework</string>
			<key>path</key>
			<string>System/Library/Frameworks/Foundation.framework</string>
			<key>sourceTree</key>
			<string>SDKROOT</string>
		</dict>
		<key>0B207DB91A877C0600DC0A3F</key>
		<dict>
			<key>fileRef</key>
			<string>0B207DB81A877C0600DC0A3F</string>
			<key>isa</key>
			<string>PBXBuildFile</string>
		</dict>
		<key>0B207DBA1A877C1F00DC0A3F</key>
		<dict>
			<key>isa</key>
			<string>PBXFileReference</string>
			<key>lastKnownFileType</key>
			<string>wrapper.framework</string>
			<key>name</key>
			<string>CoreGraphics.framework</string>
			<key>path</key>
			<string>System/Library/Frameworks/CoreGraphics.framework</string>
			<key>sourceTree</key>
			<string>SDKROOT</string>
		</dict>
		<key>0B207DBB1A877C1F00DC0A3F</key>
		<dict>
			<key>fileRef</key>
			<string>0B207DBA1A877C1F00DC0A3F</string>
			<key>isa</key>
			<string>PBXBuildFile</string>
		</dict>
		<key>0B207DBC1A877C2A00DC0A3F</key>
		<dict>
			<key>isa</key>
			<string>PBXFileReference</string>
			<key>lastKnownFileType</key>
			<string>wrapper.framework</string>
			<key>name</key>
			<string>UIKit.framework</string>
			<key>path</key>
			<string>System/Library/Frameworks/UIKit.framework</string>
			<key>sourceTree</key>
			<string>SDKROOT</string>
		</dict>
		<key>0B207DBD1A877C2A00DC0A3F</key>
		<dict>
			<key>fileRef</key>
			<string>0B207DBC1A877C2A00DC0A3F</string>
			<key>isa</key>
			<string>PBXBuildFile</string>
		</dict>
		<key>0B38FBA31A90EB1A00ACDA93</key>
		<dict>
			<key>children</key>
			<array>
				<string>0B38FBAA1A90FC1F00ACDA93</string>
				<string>0B38FBAB1A90FC1F00ACDA93</string>
				<string>0B38FBA41A90EB2500ACDA93</string>
				<string>0B38FBAE1A91018500ACDA93</string>
			</array>
			<key>isa</key>
			<string>PBXGroup</string>
			<key>name</key>
			<string>Database</string>
			<key>sourceTree</key>
			<string>&lt;group&gt;</string>
		</dict>
		<key>0B38FBA41A90EB2500ACDA93</key>
		<dict>
			<key>fileEncoding</key>
			<string>4</string>
			<key>isa</key>
			<string>PBXFileReference</string>
			<key>lastKnownFileType</key>
			<string>sourcecode.swift</string>
			<key>path</key>
			<string>CoreDataHelper.swift</string>
			<key>sourceTree</key>
			<string>&lt;group&gt;</string>
		</dict>
		<key>0B38FBA51A90EB2500ACDA93</key>
		<dict>
			<key>fileRef</key>
			<string>0B38FBA41A90EB2500ACDA93</string>
			<key>isa</key>
			<string>PBXBuildFile</string>
		</dict>
		<key>0B38FBAA1A90FC1F00ACDA93</key>
		<dict>
			<key>fileEncoding</key>
			<string>4</string>
			<key>isa</key>
			<string>PBXFileReference</string>
			<key>lastKnownFileType</key>
			<string>text.plist.xml</string>
			<key>path</key>
			<string>Biergarten.plist</string>
			<key>sourceTree</key>
			<string>&lt;group&gt;</string>
		</dict>
		<key>0B38FBAB1A90FC1F00ACDA93</key>
		<dict>
			<key>fileEncoding</key>
			<string>4</string>
			<key>isa</key>
			<string>PBXFileReference</string>
			<key>lastKnownFileType</key>
			<string>text.json</string>
			<key>path</key>
			<string>Biergarten.json</string>
			<key>sourceTree</key>
			<string>&lt;group&gt;</string>
		</dict>
		<key>0B38FBAC1A90FC1F00ACDA93</key>
		<dict>
			<key>fileRef</key>
			<string>0B38FBAA1A90FC1F00ACDA93</string>
			<key>isa</key>
			<string>PBXBuildFile</string>
		</dict>
		<key>0B38FBAD1A90FC1F00ACDA93</key>
		<dict>
			<key>fileRef</key>
			<string>0B38FBAB1A90FC1F00ACDA93</string>
			<key>isa</key>
			<string>PBXBuildFile</string>
		</dict>
		<key>0B38FBAE1A91018500ACDA93</key>
		<dict>
			<key>fileEncoding</key>
			<string>4</string>
			<key>isa</key>
			<string>PBXFileReference</string>
			<key>lastKnownFileType</key>
			<string>sourcecode.swift</string>
			<key>path</key>
			<string>JsonDataHelper.swift</string>
			<key>sourceTree</key>
			<string>&lt;group&gt;</string>
		</dict>
		<key>0B38FBAF1A91018500ACDA93</key>
		<dict>
			<key>fileRef</key>
			<string>0B38FBAE1A91018500ACDA93</string>
			<key>isa</key>
			<string>PBXBuildFile</string>
		</dict>
		<key>0B38FBB01A910B4A00ACDA93</key>
		<dict>
			<key>children</key>
			<array>
				<string>0B38FBB11A910B6200ACDA93</string>
			</array>
			<key>isa</key>
			<string>PBXGroup</string>
			<key>name</key>
			<string>Helper</string>
			<key>sourceTree</key>
			<string>&lt;group&gt;</string>
		</dict>
		<key>0B38FBB11A910B6200ACDA93</key>
		<dict>
			<key>fileEncoding</key>
			<string>4</string>
			<key>isa</key>
			<string>PBXFileReference</string>
			<key>lastKnownFileType</key>
			<string>sourcecode.swift</string>
			<key>path</key>
			<string>Constants.swift</string>
			<key>sourceTree</key>
			<string>&lt;group&gt;</string>
		</dict>
		<key>0B38FBB21A910B6200ACDA93</key>
		<dict>
			<key>fileRef</key>
			<string>0B38FBB11A910B6200ACDA93</string>
			<key>isa</key>
			<string>PBXBuildFile</string>
		</dict>
		<key>0B43744E1A6A65C600A6E4AB</key>
		<dict>
			<key>children</key>
			<array>
				<string>0B0D1CB61A752465008FD607</string>
				<string>0B140D6F1A728A82003CF8E7</string>
				<string>0B4374591A6A65C600A6E4AB</string>
				<string>0B4374741A6A65C600A6E4AB</string>
				<string>0B4374581A6A65C600A6E4AB</string>
				<string>C31FB02B7D032BBA40A451D4</string>
				<string>596C6487592CDFEAB89D23C7</string>
			</array>
			<key>isa</key>
			<string>PBXGroup</string>
			<key>sourceTree</key>
			<string>&lt;group&gt;</string>
		</dict>
		<key>0B43744F1A6A65C600A6E4AB</key>
		<dict>
			<key>attributes</key>
			<dict>
				<key>LastUpgradeCheck</key>
				<string>0610</string>
				<key>ORGANIZATIONNAME</key>
				<string>platzerworld</string>
				<key>TargetAttributes</key>
				<dict>
					<key>0B4374561A6A65C600A6E4AB</key>
					<dict>
						<key>CreatedOnToolsVersion</key>
						<string>6.1.1</string>
						<key>DevelopmentTeam</key>
						<string>3EUQZMQ92F</string>
					</dict>
					<key>0B4374701A6A65C600A6E4AB</key>
					<dict>
						<key>CreatedOnToolsVersion</key>
						<string>6.1.1</string>
						<key>TestTargetID</key>
						<string>0B4374561A6A65C600A6E4AB</string>
					</dict>
				</dict>
			</dict>
			<key>buildConfigurationList</key>
			<string>0B4374521A6A65C600A6E4AB</string>
			<key>compatibilityVersion</key>
			<string>Xcode 3.2</string>
			<key>developmentRegion</key>
			<string>English</string>
			<key>hasScannedForEncodings</key>
			<string>0</string>
			<key>isa</key>
			<string>PBXProject</string>
			<key>knownRegions</key>
			<array>
				<string>Base</string>
				<string>de</string>
				<string>en</string>
			</array>
			<key>mainGroup</key>
			<string>0B43744E1A6A65C600A6E4AB</string>
			<key>productRefGroup</key>
			<string>0B4374581A6A65C600A6E4AB</string>
			<key>projectDirPath</key>
			<string></string>
			<key>projectReferences</key>
			<array/>
			<key>projectRoot</key>
			<string></string>
			<key>targets</key>
			<array>
				<string>0B4374561A6A65C600A6E4AB</string>
				<string>0B4374701A6A65C600A6E4AB</string>
			</array>
		</dict>
		<key>0B4374521A6A65C600A6E4AB</key>
		<dict>
			<key>buildConfigurations</key>
			<array>
				<string>0B4374791A6A65C600A6E4AB</string>
				<string>0B43747A1A6A65C600A6E4AB</string>
			</array>
			<key>defaultConfigurationIsVisible</key>
			<string>0</string>
			<key>defaultConfigurationName</key>
			<string>Release</string>
			<key>isa</key>
			<string>XCConfigurationList</string>
		</dict>
		<key>0B4374531A6A65C600A6E4AB</key>
		<dict>
			<key>buildActionMask</key>
			<string>2147483647</string>
			<key>files</key>
			<array>
				<string>0B67EE8B1A9082200086723A</string>
				<string>0B7A0A8B1A700C54001F39C5</string>
				<string>0B4374601A6A65C600A6E4AB</string>
				<string>0BAA0B7A1A8F4B0000834417</string>
				<string>0BAA0B7E1A8F4B0000834417</string>
				<string>0BAA0B791A8F4B0000834417</string>
				<string>0B43745D1A6A65C600A6E4AB</string>
				<string>0B38FBA51A90EB2500ACDA93</string>
				<string>0B207DAD1A877B0F00DC0A3F</string>
				<string>0B38FBAF1A91018500ACDA93</string>
				<string>0B7A0A891A700C54001F39C5</string>
				<string>0BAA0B801A8F4B2100834417</string>
				<string>0BAA0B7B1A8F4B0000834417</string>
				<string>0BAA0B7D1A8F4B0000834417</string>
				<string>0BAA0B781A8F4B0000834417</string>
				<string>0B0D1CB81A75248F008FD607</string>
				<string>0BAA0B7C1A8F4B0000834417</string>
				<string>0B38FBB21A910B6200ACDA93</string>
			</array>
			<key>isa</key>
			<string>PBXSourcesBuildPhase</string>
			<key>runOnlyForDeploymentPostprocessing</key>
			<string>0</string>
		</dict>
		<key>0B4374541A6A65C600A6E4AB</key>
		<dict>
			<key>buildActionMask</key>
			<string>2147483647</string>
			<key>files</key>
			<array>
				<string>0B207DBD1A877C2A00DC0A3F</string>
				<string>0B207DBB1A877C1F00DC0A3F</string>
				<string>0B207DB91A877C0600DC0A3F</string>
				<string>0B207DB71A877BF200DC0A3F</string>
				<string>0B5714971A6A7B6800E44CB3</string>
				<string>0B5714951A6A7B6000E44CB3</string>
				<string>0B5714931A6A7B5900E44CB3</string>
				<string>0B5714911A6A7B4C00E44CB3</string>
				<string>0B57148F1A6A7B4500E44CB3</string>
				<string>0B57148D1A6A7B3F00E44CB3</string>
				<string>0B57148B1A6A7B3900E44CB3</string>
				<string>0B5714891A6A7B2E00E44CB3</string>
				<string>0B5714871A6A7B2100E44CB3</string>
				<string>0B5714851A6A7B1900E44CB3</string>
				<string>0B5714831A6A7B1100E44CB3</string>
				<string>0B5714811A6A7B0B00E44CB3</string>
				<string>CF2D7A4C5B62F46B8E08D0F8</string>
			</array>
			<key>isa</key>
			<string>PBXFrameworksBuildPhase</string>
			<key>runOnlyForDeploymentPostprocessing</key>
			<string>0</string>
		</dict>
		<key>0B4374551A6A65C600A6E4AB</key>
		<dict>
			<key>buildActionMask</key>
			<string>2147483647</string>
			<key>files</key>
			<array>
				<string>0B4D31481A6BAC1B00AFC29D</string>
				<string>0B140D701A728A82003CF8E7</string>
				<string>0B5714981A6A7B8800E44CB3</string>
				<string>0B7A0A8A1A700C54001F39C5</string>
				<string>0B7A0A901A7020C7001F39C5</string>
				<string>0B38FBAC1A90FC1F00ACDA93</string>
				<string>0B4D31291A6BA59400AFC29D</string>
				<string>16784583231F782E4C6FD0ED</string>
				<string>0B7A0A7C1A7009DD001F39C5</string>
				<string>0B4D314B1A6BADAB00AFC29D</string>
				<string>0B207DAF1A877B1F00DC0A3F</string>
				<string>0B38FBAD1A90FC1F00ACDA93</string>
				<string>1678426F67E71BAB076E1FEB</string>
			</array>
			<key>isa</key>
			<string>PBXResourcesBuildPhase</string>
			<key>runOnlyForDeploymentPostprocessing</key>
			<string>0</string>
		</dict>
		<key>0B4374561A6A65C600A6E4AB</key>
		<dict>
			<key>buildConfigurationList</key>
			<string>0B43747B1A6A65C600A6E4AB</string>
			<key>buildPhases</key>
			<array>
				<string>76EF3B23C3A954896C16527D</string>
				<string>0B4374531A6A65C600A6E4AB</string>
				<string>0B4374541A6A65C600A6E4AB</string>
				<string>0B4374551A6A65C600A6E4AB</string>
				<string>961BB75A9E83596D40E047B8</string>
			</array>
			<key>buildRules</key>
			<array/>
			<key>dependencies</key>
			<array/>
			<key>isa</key>
			<string>PBXNativeTarget</string>
			<key>name</key>
			<string>iBiergarten</string>
			<key>productName</key>
			<string>iBiergarten</string>
			<key>productReference</key>
			<string>0B4374571A6A65C600A6E4AB</string>
			<key>productType</key>
			<string>com.apple.product-type.application</string>
		</dict>
		<key>0B4374571A6A65C600A6E4AB</key>
		<dict>
			<key>explicitFileType</key>
			<string>wrapper.application</string>
			<key>includeInIndex</key>
			<string>0</string>
			<key>isa</key>
			<string>PBXFileReference</string>
			<key>path</key>
			<string>iBiergarten.app</string>
			<key>sourceTree</key>
			<string>BUILT_PRODUCTS_DIR</string>
		</dict>
		<key>0B4374581A6A65C600A6E4AB</key>
		<dict>
			<key>children</key>
			<array>
				<string>0B4374571A6A65C600A6E4AB</string>
				<string>0B4374711A6A65C600A6E4AB</string>
			</array>
			<key>isa</key>
			<string>PBXGroup</string>
			<key>name</key>
			<string>Products</string>
			<key>sourceTree</key>
			<string>&lt;group&gt;</string>
		</dict>
		<key>0B4374591A6A65C600A6E4AB</key>
		<dict>
			<key>children</key>
			<array>
				<string>0B38FBB01A910B4A00ACDA93</string>
				<string>0B38FBA31A90EB1A00ACDA93</string>
				<string>0B43745E1A6A65C600A6E4AB</string>
				<string>0B67EE8A1A9082200086723A</string>
				<string>0B43745A1A6A65C600A6E4AB</string>
				<string>0B7A0A851A700C48001F39C5</string>
				<string>0B4D312D1A6BA60400AFC29D</string>
				<string>167843D10A537B13DAC1CE95</string>
				<string>1678435440DBF09E9157D772</string>
				<string>16784A783D2242A0C40F7A8A</string>
			</array>
			<key>isa</key>
			<string>PBXGroup</string>
			<key>path</key>
			<string>iBiergarten</string>
			<key>sourceTree</key>
			<string>&lt;group&gt;</string>
		</dict>
		<key>0B43745A1A6A65C600A6E4AB</key>
		<dict>
			<key>children</key>
			<array>
				<string>0B4374811A6A66C500A6E4AB</string>
				<string>0B4D31471A6BAC1B00AFC29D</string>
				<string>0B4D312B1A6BA59400AFC29D</string>
				<string>0B43745B1A6A65C600A6E4AB</string>
				<string>0B4D314D1A6BADAB00AFC29D</string>
			</array>
			<key>isa</key>
			<string>PBXGroup</string>
			<key>name</key>
			<string>Supporting Files</string>
			<key>sourceTree</key>
			<string>&lt;group&gt;</string>
		</dict>
		<key>0B43745B1A6A65C600A6E4AB</key>
		<dict>
			<key>isa</key>
			<string>PBXFileReference</string>
			<key>lastKnownFileType</key>
			<string>text.plist.xml</string>
			<key>path</key>
			<string>Info.plist</string>
			<key>sourceTree</key>
			<string>&lt;group&gt;</string>
		</dict>
		<key>0B43745C1A6A65C600A6E4AB</key>
		<dict>
			<key>isa</key>
			<string>PBXFileReference</string>
			<key>lastKnownFileType</key>
			<string>sourcecode.swift</string>
			<key>name</key>
			<string>AppDelegate.swift</string>
			<key>path</key>
			<string>../AppDelegate.swift</string>
			<key>sourceTree</key>
			<string>&lt;group&gt;</string>
		</dict>
		<key>0B43745D1A6A65C600A6E4AB</key>
		<dict>
			<key>fileRef</key>
			<string>0B43745C1A6A65C600A6E4AB</string>
			<key>isa</key>
			<string>PBXBuildFile</string>
		</dict>
		<key>0B43745E1A6A65C600A6E4AB</key>
		<dict>
			<key>children</key>
			<array>
				<string>0B43745F1A6A65C600A6E4AB</string>
			</array>
			<key>currentVersion</key>
			<string>0B43745F1A6A65C600A6E4AB</string>
			<key>isa</key>
			<string>XCVersionGroup</string>
			<key>path</key>
			<string>iBiergarten.xcdatamodeld</string>
			<key>sourceTree</key>
			<string>&lt;group&gt;</string>
			<key>versionGroupType</key>
			<string>wrapper.xcdatamodel</string>
		</dict>
		<key>0B43745F1A6A65C600A6E4AB</key>
		<dict>
			<key>isa</key>
			<string>PBXFileReference</string>
			<key>lastKnownFileType</key>
			<string>wrapper.xcdatamodel</string>
			<key>path</key>
			<string>iBiergarten.xcdatamodel</string>
			<key>sourceTree</key>
			<string>&lt;group&gt;</string>
		</dict>
		<key>0B4374601A6A65C600A6E4AB</key>
		<dict>
			<key>fileRef</key>
			<string>0B43745E1A6A65C600A6E4AB</string>
			<key>isa</key>
			<string>PBXBuildFile</string>
		</dict>
		<key>0B43746D1A6A65C600A6E4AB</key>
		<dict>
			<key>buildActionMask</key>
			<string>2147483647</string>
			<key>files</key>
			<array>
				<string>0B4374781A6A65C600A6E4AB</string>
			</array>
			<key>isa</key>
			<string>PBXSourcesBuildPhase</string>
			<key>runOnlyForDeploymentPostprocessing</key>
			<string>0</string>
		</dict>
		<key>0B43746E1A6A65C600A6E4AB</key>
		<dict>
			<key>buildActionMask</key>
			<string>2147483647</string>
			<key>files</key>
			<array>
				<string>0CA2C334CFC7C7173E2995A7</string>
			</array>
			<key>isa</key>
			<string>PBXFrameworksBuildPhase</string>
			<key>runOnlyForDeploymentPostprocessing</key>
			<string>0</string>
		</dict>
		<key>0B43746F1A6A65C600A6E4AB</key>
		<dict>
			<key>buildActionMask</key>
			<string>2147483647</string>
			<key>files</key>
			<array>
				<string>0B4D31511A6BADC900AFC29D</string>
			</array>
			<key>isa</key>
			<string>PBXResourcesBuildPhase</string>
			<key>runOnlyForDeploymentPostprocessing</key>
			<string>0</string>
		</dict>
		<key>0B4374701A6A65C600A6E4AB</key>
		<dict>
			<key>buildConfigurationList</key>
			<string>0B43747E1A6A65C600A6E4AB</string>
			<key>buildPhases</key>
			<array>
				<string>432BE47B1E221075E80D5265</string>
				<string>0B43746D1A6A65C600A6E4AB</string>
				<string>0B43746E1A6A65C600A6E4AB</string>
				<string>0B43746F1A6A65C600A6E4AB</string>
				<string>083140CF3EB5C7AA6A914EFD</string>
			</array>
			<key>buildRules</key>
			<array/>
			<key>dependencies</key>
			<array>
				<string>0B4374731A6A65C600A6E4AB</string>
			</array>
			<key>isa</key>
			<string>PBXNativeTarget</string>
			<key>name</key>
			<string>iBiergartenTests</string>
			<key>productName</key>
			<string>iBiergartenTests</string>
			<key>productReference</key>
			<string>0B4374711A6A65C600A6E4AB</string>
			<key>productType</key>
			<string>com.apple.product-type.bundle.unit-test</string>
		</dict>
		<key>0B4374711A6A65C600A6E4AB</key>
		<dict>
			<key>explicitFileType</key>
			<string>wrapper.cfbundle</string>
			<key>includeInIndex</key>
			<string>0</string>
			<key>isa</key>
			<string>PBXFileReference</string>
			<key>path</key>
			<string>iBiergartenTests.xctest</string>
			<key>sourceTree</key>
			<string>BUILT_PRODUCTS_DIR</string>
		</dict>
		<key>0B4374721A6A65C600A6E4AB</key>
		<dict>
			<key>containerPortal</key>
			<string>0B43744F1A6A65C600A6E4AB</string>
			<key>isa</key>
			<string>PBXContainerItemProxy</string>
			<key>proxyType</key>
			<string>1</string>
			<key>remoteGlobalIDString</key>
			<string>0B4374561A6A65C600A6E4AB</string>
			<key>remoteInfo</key>
			<string>iBiergarten</string>
		</dict>
		<key>0B4374731A6A65C600A6E4AB</key>
		<dict>
			<key>isa</key>
			<string>PBXTargetDependency</string>
			<key>target</key>
			<string>0B4374561A6A65C600A6E4AB</string>
			<key>targetProxy</key>
			<string>0B4374721A6A65C600A6E4AB</string>
		</dict>
		<key>0B4374741A6A65C600A6E4AB</key>
		<dict>
			<key>children</key>
			<array>
				<string>0B4374771A6A65C600A6E4AB</string>
				<string>0B4374751A6A65C600A6E4AB</string>
			</array>
			<key>isa</key>
			<string>PBXGroup</string>
			<key>path</key>
			<string>iBiergartenTests</string>
			<key>sourceTree</key>
			<string>&lt;group&gt;</string>
		</dict>
		<key>0B4374751A6A65C600A6E4AB</key>
		<dict>
			<key>children</key>
			<array>
				<string>0B4D313D1A6BA9B800AFC29D</string>
				<string>0B4D31531A6BADC900AFC29D</string>
			</array>
			<key>isa</key>
			<string>PBXGroup</string>
			<key>name</key>
			<string>Supporting Files</string>
			<key>sourceTree</key>
			<string>&lt;group&gt;</string>
		</dict>
		<key>0B4374771A6A65C600A6E4AB</key>
		<dict>
			<key>isa</key>
			<string>PBXFileReference</string>
			<key>lastKnownFileType</key>
			<string>sourcecode.swift</string>
			<key>path</key>
			<string>iBiergartenTests.swift</string>
			<key>sourceTree</key>
			<string>&lt;group&gt;</string>
		</dict>
		<key>0B4374781A6A65C600A6E4AB</key>
		<dict>
			<key>fileRef</key>
			<string>0B4374771A6A65C600A6E4AB</string>
			<key>isa</key>
			<string>PBXBuildFile</string>
		</dict>
		<key>0B4374791A6A65C600A6E4AB</key>
		<dict>
			<key>buildSettings</key>
			<dict>
				<key>ALWAYS_SEARCH_USER_PATHS</key>
				<string>NO</string>
				<key>CLANG_CXX_LANGUAGE_STANDARD</key>
				<string>gnu++0x</string>
				<key>CLANG_CXX_LIBRARY</key>
				<string>libc++</string>
				<key>CLANG_ENABLE_MODULES</key>
				<string>YES</string>
				<key>CLANG_ENABLE_OBJC_ARC</key>
				<string>YES</string>
				<key>CLANG_WARN_BOOL_CONVERSION</key>
				<string>YES</string>
				<key>CLANG_WARN_CONSTANT_CONVERSION</key>
				<string>YES</string>
				<key>CLANG_WARN_DIRECT_OBJC_ISA_USAGE</key>
				<string>YES_ERROR</string>
				<key>CLANG_WARN_EMPTY_BODY</key>
				<string>YES</string>
				<key>CLANG_WARN_ENUM_CONVERSION</key>
				<string>YES</string>
				<key>CLANG_WARN_INT_CONVERSION</key>
				<string>YES</string>
				<key>CLANG_WARN_OBJC_ROOT_CLASS</key>
				<string>YES_ERROR</string>
				<key>CLANG_WARN_UNREACHABLE_CODE</key>
				<string>YES</string>
				<key>CLANG_WARN__DUPLICATE_METHOD_MATCH</key>
				<string>YES</string>
				<key>CODE_SIGN_IDENTITY[sdk=iphoneos*]</key>
				<string>iPhone Developer</string>
				<key>COPY_PHASE_STRIP</key>
				<string>NO</string>
				<key>ENABLE_STRICT_OBJC_MSGSEND</key>
				<string>YES</string>
				<key>GCC_C_LANGUAGE_STANDARD</key>
				<string>gnu99</string>
				<key>GCC_DYNAMIC_NO_PIC</key>
				<string>NO</string>
				<key>GCC_OPTIMIZATION_LEVEL</key>
				<string>0</string>
				<key>GCC_PREPROCESSOR_DEFINITIONS</key>
				<array>
					<string>DEBUG=1</string>
					<string>$(inherited)</string>
				</array>
				<key>GCC_SYMBOLS_PRIVATE_EXTERN</key>
				<string>NO</string>
				<key>GCC_WARN_64_TO_32_BIT_CONVERSION</key>
				<string>YES</string>
				<key>GCC_WARN_ABOUT_RETURN_TYPE</key>
				<string>YES_ERROR</string>
				<key>GCC_WARN_UNDECLARED_SELECTOR</key>
				<string>YES</string>
				<key>GCC_WARN_UNINITIALIZED_AUTOS</key>
				<string>YES_AGGRESSIVE</string>
				<key>GCC_WARN_UNUSED_FUNCTION</key>
				<string>YES</string>
				<key>GCC_WARN_UNUSED_VARIABLE</key>
				<string>YES</string>
				<key>IPHONEOS_DEPLOYMENT_TARGET</key>
				<string>8.1</string>
				<key>MTL_ENABLE_DEBUG_INFO</key>
				<string>YES</string>
				<key>ONLY_ACTIVE_ARCH</key>
				<string>YES</string>
				<key>OTHER_LDFLAGS</key>
				<string>-ObjC</string>
				<key>SDKROOT</key>
				<string>iphoneos</string>
				<key>SWIFT_INCLUDE_PATHS</key>
				<string>Pods/**/**</string>
				<key>SWIFT_OBJC_BRIDGING_HEADER</key>
				<string>Swift-Bridging-Header.h</string>
				<key>SWIFT_OPTIMIZATION_LEVEL</key>
				<string>-Onone</string>
				<key>TARGETED_DEVICE_FAMILY</key>
				<string>2</string>
				<key>USER_HEADER_SEARCH_PATHS</key>
				<string>Pods/**/**</string>
			</dict>
			<key>isa</key>
			<string>XCBuildConfiguration</string>
			<key>name</key>
			<string>Debug</string>
		</dict>
		<key>0B43747A1A6A65C600A6E4AB</key>
		<dict>
			<key>buildSettings</key>
			<dict>
				<key>ALWAYS_SEARCH_USER_PATHS</key>
				<string>NO</string>
				<key>CLANG_CXX_LANGUAGE_STANDARD</key>
				<string>gnu++0x</string>
				<key>CLANG_CXX_LIBRARY</key>
				<string>libc++</string>
				<key>CLANG_ENABLE_MODULES</key>
				<string>YES</string>
				<key>CLANG_ENABLE_OBJC_ARC</key>
				<string>YES</string>
				<key>CLANG_WARN_BOOL_CONVERSION</key>
				<string>YES</string>
				<key>CLANG_WARN_CONSTANT_CONVERSION</key>
				<string>YES</string>
				<key>CLANG_WARN_DIRECT_OBJC_ISA_USAGE</key>
				<string>YES_ERROR</string>
				<key>CLANG_WARN_EMPTY_BODY</key>
				<string>YES</string>
				<key>CLANG_WARN_ENUM_CONVERSION</key>
				<string>YES</string>
				<key>CLANG_WARN_INT_CONVERSION</key>
				<string>YES</string>
				<key>CLANG_WARN_OBJC_ROOT_CLASS</key>
				<string>YES_ERROR</string>
				<key>CLANG_WARN_UNREACHABLE_CODE</key>
				<string>YES</string>
				<key>CLANG_WARN__DUPLICATE_METHOD_MATCH</key>
				<string>YES</string>
				<key>CODE_SIGN_IDENTITY[sdk=iphoneos*]</key>
				<string>iPhone Developer</string>
				<key>COPY_PHASE_STRIP</key>
				<string>YES</string>
				<key>ENABLE_NS_ASSERTIONS</key>
				<string>NO</string>
				<key>ENABLE_STRICT_OBJC_MSGSEND</key>
				<string>YES</string>
				<key>GCC_C_LANGUAGE_STANDARD</key>
				<string>gnu99</string>
				<key>GCC_WARN_64_TO_32_BIT_CONVERSION</key>
				<string>YES</string>
				<key>GCC_WARN_ABOUT_RETURN_TYPE</key>
				<string>YES_ERROR</string>
				<key>GCC_WARN_UNDECLARED_SELECTOR</key>
				<string>YES</string>
				<key>GCC_WARN_UNINITIALIZED_AUTOS</key>
				<string>YES_AGGRESSIVE</string>
				<key>GCC_WARN_UNUSED_FUNCTION</key>
				<string>YES</string>
				<key>GCC_WARN_UNUSED_VARIABLE</key>
				<string>YES</string>
				<key>IPHONEOS_DEPLOYMENT_TARGET</key>
				<string>8.1</string>
				<key>MTL_ENABLE_DEBUG_INFO</key>
				<string>NO</string>
				<key>OTHER_LDFLAGS</key>
				<string>-ObjC</string>
				<key>SDKROOT</key>
				<string>iphoneos</string>
				<key>SWIFT_INCLUDE_PATHS</key>
				<string>Pods/**/**</string>
				<key>SWIFT_OBJC_BRIDGING_HEADER</key>
				<string>Swift-Bridging-Header.h</string>
				<key>TARGETED_DEVICE_FAMILY</key>
				<string>2</string>
				<key>USER_HEADER_SEARCH_PATHS</key>
				<string>Pods/**/**</string>
				<key>VALIDATE_PRODUCT</key>
				<string>YES</string>
			</dict>
			<key>isa</key>
			<string>XCBuildConfiguration</string>
			<key>name</key>
			<string>Release</string>
		</dict>
		<key>0B43747B1A6A65C600A6E4AB</key>
		<dict>
			<key>buildConfigurations</key>
			<array>
				<string>0B43747C1A6A65C600A6E4AB</string>
				<string>0B43747D1A6A65C600A6E4AB</string>
			</array>
			<key>defaultConfigurationIsVisible</key>
			<string>0</string>
			<key>defaultConfigurationName</key>
			<string>Release</string>
			<key>isa</key>
			<string>XCConfigurationList</string>
		</dict>
		<key>0B43747C1A6A65C600A6E4AB</key>
		<dict>
			<key>baseConfigurationReference</key>
			<string>4B56E6F1CA3FBCBCF5F5CA55</string>
			<key>buildSettings</key>
			<dict>
				<key>CODE_SIGN_IDENTITY</key>
				<string>iPhone Developer</string>
				<key>CODE_SIGN_IDENTITY[sdk=iphoneos*]</key>
				<string>iPhone Developer: guenter platzer (T4PB5U8RFR)</string>
				<key>FRAMEWORK_SEARCH_PATHS</key>
				<array>
					<string>$(inherited)</string>
					<string>$(PROJECT_DIR)/iBiergarten</string>
					<string>$(USER_LIBRARY_DIR)/Developer/Xcode/DerivedData/iBiergarten-bsigpibmsvsrghayssycmerzhzzz/Build/Products/Debug-iphoneos</string>
				</array>
				<key>INFOPLIST_FILE</key>
				<string>iBiergarten/Info.plist</string>
				<key>LD_RUNPATH_SEARCH_PATHS</key>
				<string>$(inherited) @executable_path/Frameworks</string>
				<key>PRODUCT_NAME</key>
				<string>$(TARGET_NAME)</string>
				<key>SWIFT_OBJC_BRIDGING_HEADER</key>
				<string>Swift-Bridging-Header.h</string>
				<key>USER_HEADER_SEARCH_PATHS</key>
				<string>Pods/**/**</string>
			</dict>
			<key>isa</key>
			<string>XCBuildConfiguration</string>
			<key>name</key>
			<string>Debug</string>
		</dict>
		<key>0B43747D1A6A65C600A6E4AB</key>
		<dict>
			<key>baseConfigurationReference</key>
			<string>DCFE5BDAE12D038C0E089F8A</string>
			<key>buildSettings</key>
			<dict>
				<key>CODE_SIGN_IDENTITY</key>
				<string>iPhone Developer</string>
				<key>CODE_SIGN_IDENTITY[sdk=iphoneos*]</key>
				<string>iPhone Developer: guenter platzer (T4PB5U8RFR)</string>
				<key>FRAMEWORK_SEARCH_PATHS</key>
				<array>
					<string>$(inherited)</string>
					<string>$(PROJECT_DIR)/iBiergarten</string>
					<string>$(USER_LIBRARY_DIR)/Developer/Xcode/DerivedData/iBiergarten-bsigpibmsvsrghayssycmerzhzzz/Build/Products/Debug-iphoneos</string>
				</array>
				<key>INFOPLIST_FILE</key>
				<string>iBiergarten/Info.plist</string>
				<key>LD_RUNPATH_SEARCH_PATHS</key>
				<string>$(inherited) @executable_path/Frameworks</string>
				<key>PRODUCT_NAME</key>
				<string>$(TARGET_NAME)</string>
				<key>SWIFT_OBJC_BRIDGING_HEADER</key>
				<string>Swift-Bridging-Header.h</string>
				<key>USER_HEADER_SEARCH_PATHS</key>
				<string>Pods/**/**</string>
			</dict>
			<key>isa</key>
			<string>XCBuildConfiguration</string>
			<key>name</key>
			<string>Release</string>
		</dict>
		<key>0B43747E1A6A65C600A6E4AB</key>
		<dict>
			<key>buildConfigurations</key>
			<array>
				<string>0B43747F1A6A65C600A6E4AB</string>
				<string>0B4374801A6A65C600A6E4AB</string>
			</array>
			<key>defaultConfigurationIsVisible</key>
			<string>0</string>
			<key>defaultConfigurationName</key>
			<string>Release</string>
			<key>isa</key>
			<string>XCConfigurationList</string>
		</dict>
		<key>0B43747F1A6A65C600A6E4AB</key>
		<dict>
			<key>baseConfigurationReference</key>
			<string>9D1CAB765807E63B855CEE51</string>
			<key>buildSettings</key>
			<dict>
				<key>BUNDLE_LOADER</key>
				<string>$(TEST_HOST)</string>
				<key>FRAMEWORK_SEARCH_PATHS</key>
				<array>
					<string>$(SDKROOT)/Developer/Library/Frameworks</string>
					<string>$(inherited)</string>
				</array>
				<key>GCC_PREPROCESSOR_DEFINITIONS</key>
				<array>
					<string>DEBUG=1</string>
					<string>$(inherited)</string>
				</array>
				<key>INFOPLIST_FILE</key>
				<string>iBiergartenTests/Info.plist</string>
				<key>LD_RUNPATH_SEARCH_PATHS</key>
				<string>$(inherited) @executable_path/Frameworks @loader_path/Frameworks</string>
				<key>PRODUCT_NAME</key>
				<string>$(TARGET_NAME)</string>
				<key>TEST_HOST</key>
				<string>$(BUILT_PRODUCTS_DIR)/iBiergarten.app/iBiergarten</string>
			</dict>
			<key>isa</key>
			<string>XCBuildConfiguration</string>
			<key>name</key>
			<string>Debug</string>
		</dict>
		<key>0B4374801A6A65C600A6E4AB</key>
		<dict>
			<key>baseConfigurationReference</key>
			<string>63CE92448F7E8DA6C476B74C</string>
			<key>buildSettings</key>
			<dict>
				<key>BUNDLE_LOADER</key>
				<string>$(TEST_HOST)</string>
				<key>FRAMEWORK_SEARCH_PATHS</key>
				<array>
					<string>$(SDKROOT)/Developer/Library/Frameworks</string>
					<string>$(inherited)</string>
				</array>
				<key>INFOPLIST_FILE</key>
				<string>iBiergartenTests/Info.plist</string>
				<key>LD_RUNPATH_SEARCH_PATHS</key>
				<string>$(inherited) @executable_path/Frameworks @loader_path/Frameworks</string>
				<key>PRODUCT_NAME</key>
				<string>$(TARGET_NAME)</string>
				<key>TEST_HOST</key>
				<string>$(BUILT_PRODUCTS_DIR)/iBiergarten.app/iBiergarten</string>
			</dict>
			<key>isa</key>
			<string>XCBuildConfiguration</string>
			<key>name</key>
			<string>Release</string>
		</dict>
		<key>0B4374811A6A66C500A6E4AB</key>
		<dict>
			<key>isa</key>
			<string>PBXFileReference</string>
			<key>lastKnownFileType</key>
			<string>sourcecode.c.h</string>
			<key>name</key>
			<string>Swift-Bridging-Header.h</string>
			<key>path</key>
			<string>../Swift-Bridging-Header.h</string>
			<key>sourceTree</key>
			<string>&lt;group&gt;</string>
		</dict>
		<key>0B4D31291A6BA59400AFC29D</key>
		<dict>
			<key>fileRef</key>
			<string>0B4D312B1A6BA59400AFC29D</string>
			<key>isa</key>
			<string>PBXBuildFile</string>
		</dict>
		<key>0B4D312A1A6BA59400AFC29D</key>
		<dict>
			<key>isa</key>
			<string>PBXFileReference</string>
			<key>lastKnownFileType</key>
			<string>text.plist.strings</string>
			<key>name</key>
			<string>de</string>
			<key>path</key>
			<string>de.lproj/Localizable.strings</string>
			<key>sourceTree</key>
			<string>&lt;group&gt;</string>
		</dict>
		<key>0B4D312B1A6BA59400AFC29D</key>
		<dict>
			<key>children</key>
			<array>
				<string>0B4D312A1A6BA59400AFC29D</string>
				<string>0B4D312C1A6BA59800AFC29D</string>
			</array>
			<key>isa</key>
			<string>PBXVariantGroup</string>
			<key>name</key>
			<string>Localizable.strings</string>
			<key>sourceTree</key>
			<string>&lt;group&gt;</string>
		</dict>
		<key>0B4D312C1A6BA59800AFC29D</key>
		<dict>
			<key>isa</key>
			<string>PBXFileReference</string>
			<key>lastKnownFileType</key>
			<string>text.plist.strings</string>
			<key>name</key>
			<string>en</string>
			<key>path</key>
			<string>en.lproj/Localizable.strings</string>
			<key>sourceTree</key>
			<string>&lt;group&gt;</string>
		</dict>
		<key>0B4D312D1A6BA60400AFC29D</key>
		<dict>
			<key>children</key>
			<array>
				<string>0B7A0A921A7020C7001F39C5</string>
				<string>0B7A0A7B1A7009DD001F39C5</string>
			</array>
			<key>isa</key>
			<string>PBXGroup</string>
			<key>name</key>
			<string>Images</string>
			<key>sourceTree</key>
			<string>&lt;group&gt;</string>
		</dict>
		<key>0B4D313A1A6BA94200AFC29D</key>
		<dict>
			<key>isa</key>
			<string>PBXFileReference</string>
			<key>lastKnownFileType</key>
			<string>text.plist.strings</string>
			<key>name</key>
			<string>de</string>
			<key>path</key>
			<string>de.lproj/Main.strings</string>
			<key>sourceTree</key>
			<string>&lt;group&gt;</string>
		</dict>
		<key>0B4D313B1A6BA94B00AFC29D</key>
		<dict>
			<key>isa</key>
			<string>PBXFileReference</string>
			<key>lastKnownFileType</key>
			<string>text.plist.strings</string>
			<key>name</key>
			<string>en</string>
			<key>path</key>
			<string>en.lproj/Main.strings</string>
			<key>sourceTree</key>
			<string>&lt;group&gt;</string>
		</dict>
		<key>0B4D313C1A6BA9B800AFC29D</key>
		<dict>
			<key>isa</key>
			<string>PBXFileReference</string>
			<key>lastKnownFileType</key>
			<string>text.plist.xml</string>
			<key>name</key>
			<string>de</string>
			<key>path</key>
			<string>de.lproj/Info.plist</string>
			<key>sourceTree</key>
			<string>&lt;group&gt;</string>
		</dict>
		<key>0B4D313D1A6BA9B800AFC29D</key>
		<dict>
			<key>children</key>
			<array>
				<string>0B4D313C1A6BA9B800AFC29D</string>
			</array>
			<key>isa</key>
			<string>PBXVariantGroup</string>
			<key>name</key>
			<string>Info.plist</string>
			<key>sourceTree</key>
			<string>&lt;group&gt;</string>
		</dict>
		<key>0B4D31471A6BAC1B00AFC29D</key>
		<dict>
			<key>isa</key>
			<string>PBXFileReference</string>
			<key>lastKnownFileType</key>
			<string>wrapper.plug-in</string>
			<key>path</key>
			<string>Settings.bundle</string>
			<key>sourceTree</key>
			<string>&lt;group&gt;</string>
		</dict>
		<key>0B4D31481A6BAC1B00AFC29D</key>
		<dict>
			<key>fileRef</key>
			<string>0B4D31471A6BAC1B00AFC29D</string>
			<key>isa</key>
			<string>PBXBuildFile</string>
		</dict>
		<key>0B4D314B1A6BADAB00AFC29D</key>
		<dict>
			<key>fileRef</key>
			<string>0B4D314D1A6BADAB00AFC29D</string>
			<key>isa</key>
			<string>PBXBuildFile</string>
		</dict>
		<key>0B4D314C1A6BADAB00AFC29D</key>
		<dict>
			<key>isa</key>
			<string>PBXFileReference</string>
			<key>lastKnownFileType</key>
			<string>text.plist.strings</string>
			<key>name</key>
			<string>en</string>
			<key>path</key>
			<string>en.lproj/InfoPlist.strings</string>
			<key>sourceTree</key>
			<string>&lt;group&gt;</string>
		</dict>
		<key>0B4D314D1A6BADAB00AFC29D</key>
		<dict>
			<key>children</key>
			<array>
				<string>0B4D314C1A6BADAB00AFC29D</string>
				<string>0B4D314E1A6BADAC00AFC29D</string>
			</array>
			<key>isa</key>
			<string>PBXVariantGroup</string>
			<key>name</key>
			<string>InfoPlist.strings</string>
			<key>sourceTree</key>
			<string>&lt;group&gt;</string>
		</dict>
		<key>0B4D314E1A6BADAC00AFC29D</key>
		<dict>
			<key>isa</key>
			<string>PBXFileReference</string>
			<key>lastKnownFileType</key>
			<string>text.plist.strings</string>
			<key>name</key>
			<string>de</string>
			<key>path</key>
			<string>de.lproj/InfoPlist.strings</string>
			<key>sourceTree</key>
			<string>&lt;group&gt;</string>
		</dict>
		<key>0B4D31511A6BADC900AFC29D</key>
		<dict>
			<key>fileRef</key>
			<string>0B4D31531A6BADC900AFC29D</string>
			<key>isa</key>
			<string>PBXBuildFile</string>
		</dict>
		<key>0B4D31521A6BADC900AFC29D</key>
		<dict>
			<key>isa</key>
			<string>PBXFileReference</string>
			<key>lastKnownFileType</key>
			<string>text.plist.strings</string>
			<key>name</key>
			<string>en</string>
			<key>path</key>
			<string>en.lproj/InfoPlist.strings</string>
			<key>sourceTree</key>
			<string>&lt;group&gt;</string>
		</dict>
		<key>0B4D31531A6BADC900AFC29D</key>
		<dict>
			<key>children</key>
			<array>
				<string>0B4D31521A6BADC900AFC29D</string>
				<string>0B4D31541A6BADCA00AFC29D</string>
			</array>
			<key>isa</key>
			<string>PBXVariantGroup</string>
			<key>name</key>
			<string>InfoPlist.strings</string>
			<key>sourceTree</key>
			<string>&lt;group&gt;</string>
		</dict>
		<key>0B4D31541A6BADCA00AFC29D</key>
		<dict>
			<key>isa</key>
			<string>PBXFileReference</string>
			<key>lastKnownFileType</key>
			<string>text.plist.strings</string>
			<key>name</key>
			<string>de</string>
			<key>path</key>
			<string>de.lproj/InfoPlist.strings</string>
			<key>sourceTree</key>
			<string>&lt;group&gt;</string>
		</dict>
		<key>0B5714801A6A7B0B00E44CB3</key>
		<dict>
			<key>isa</key>
			<string>PBXFileReference</string>
			<key>lastKnownFileType</key>
			<string>wrapper.framework</string>
			<key>name</key>
			<string>SystemConfiguration.framework</string>
			<key>path</key>
			<string>System/Library/Frameworks/SystemConfiguration.framework</string>
			<key>sourceTree</key>
			<string>SDKROOT</string>
		</dict>
		<key>0B5714811A6A7B0B00E44CB3</key>
		<dict>
			<key>fileRef</key>
			<string>0B5714801A6A7B0B00E44CB3</string>
			<key>isa</key>
			<string>PBXBuildFile</string>
		</dict>
		<key>0B5714821A6A7B1100E44CB3</key>
		<dict>
			<key>isa</key>
			<string>PBXFileReference</string>
			<key>lastKnownFileType</key>
			<string>wrapper.framework</string>
			<key>name</key>
			<string>QuartzCore.framework</string>
			<key>path</key>
			<string>System/Library/Frameworks/QuartzCore.framework</string>
			<key>sourceTree</key>
			<string>SDKROOT</string>
		</dict>
		<key>0B5714831A6A7B1100E44CB3</key>
		<dict>
			<key>fileRef</key>
			<string>0B5714821A6A7B1100E44CB3</string>
			<key>isa</key>
			<string>PBXBuildFile</string>
		</dict>
		<key>0B5714841A6A7B1900E44CB3</key>
		<dict>
			<key>isa</key>
			<string>PBXFileReference</string>
			<key>lastKnownFileType</key>
			<string>wrapper.framework</string>
			<key>name</key>
			<string>OpenGLES.framework</string>
			<key>path</key>
			<string>System/Library/Frameworks/OpenGLES.framework</string>
			<key>sourceTree</key>
			<string>SDKROOT</string>
		</dict>
		<key>0B5714851A6A7B1900E44CB3</key>
		<dict>
			<key>fileRef</key>
			<string>0B5714841A6A7B1900E44CB3</string>
			<key>isa</key>
			<string>PBXBuildFile</string>
		</dict>
		<key>0B5714861A6A7B2100E44CB3</key>
		<dict>
			<key>isa</key>
			<string>PBXFileReference</string>
			<key>lastKnownFileType</key>
			<string>compiled.mach-o.dylib</string>
			<key>name</key>
			<string>libz.dylib</string>
			<key>path</key>
			<string>usr/lib/libz.dylib</string>
			<key>sourceTree</key>
			<string>SDKROOT</string>
		</dict>
		<key>0B5714871A6A7B2100E44CB3</key>
		<dict>
			<key>fileRef</key>
			<string>0B5714861A6A7B2100E44CB3</string>
			<key>isa</key>
			<string>PBXBuildFile</string>
		</dict>
		<key>0B5714881A6A7B2D00E44CB3</key>
		<dict>
			<key>isa</key>
			<string>PBXFileReference</string>
			<key>lastKnownFileType</key>
			<string>compiled.mach-o.dylib</string>
			<key>name</key>
			<string>libicucore.dylib</string>
			<key>path</key>
			<string>usr/lib/libicucore.dylib</string>
			<key>sourceTree</key>
			<string>SDKROOT</string>
		</dict>
		<key>0B5714891A6A7B2E00E44CB3</key>
		<dict>
			<key>fileRef</key>
			<string>0B5714881A6A7B2D00E44CB3</string>
			<key>isa</key>
			<string>PBXBuildFile</string>
		</dict>
		<key>0B57148A1A6A7B3900E44CB3</key>
		<dict>
			<key>isa</key>
			<string>PBXFileReference</string>
			<key>lastKnownFileType</key>
			<string>compiled.mach-o.dylib</string>
			<key>name</key>
			<string>libc++.dylib</string>
			<key>path</key>
			<string>usr/lib/libc++.dylib</string>
			<key>sourceTree</key>
			<string>SDKROOT</string>
		</dict>
		<key>0B57148B1A6A7B3900E44CB3</key>
		<dict>
			<key>fileRef</key>
			<string>0B57148A1A6A7B3900E44CB3</string>
			<key>isa</key>
			<string>PBXBuildFile</string>
		</dict>
		<key>0B57148C1A6A7B3F00E44CB3</key>
		<dict>
			<key>isa</key>
			<string>PBXFileReference</string>
			<key>lastKnownFileType</key>
			<string>wrapper.framework</string>
			<key>name</key>
			<string>ImageIO.framework</string>
			<key>path</key>
			<string>System/Library/Frameworks/ImageIO.framework</string>
			<key>sourceTree</key>
			<string>SDKROOT</string>
		</dict>
		<key>0B57148D1A6A7B3F00E44CB3</key>
		<dict>
			<key>fileRef</key>
			<string>0B57148C1A6A7B3F00E44CB3</string>
			<key>isa</key>
			<string>PBXBuildFile</string>
		</dict>
		<key>0B57148E1A6A7B4500E44CB3</key>
		<dict>
			<key>isa</key>
			<string>PBXFileReference</string>
			<key>lastKnownFileType</key>
			<string>wrapper.framework</string>
			<key>name</key>
			<string>GLKit.framework</string>
			<key>path</key>
			<string>System/Library/Frameworks/GLKit.framework</string>
			<key>sourceTree</key>
			<string>SDKROOT</string>
		</dict>
		<key>0B57148F1A6A7B4500E44CB3</key>
		<dict>
			<key>fileRef</key>
			<string>0B57148E1A6A7B4500E44CB3</string>
			<key>isa</key>
			<string>PBXBuildFile</string>
		</dict>
		<key>0B5714901A6A7B4C00E44CB3</key>
		<dict>
			<key>isa</key>
			<string>PBXFileReference</string>
			<key>lastKnownFileType</key>
			<string>wrapper.framework</string>
			<key>name</key>
			<string>CoreText.framework</string>
			<key>path</key>
			<string>System/Library/Frameworks/CoreText.framework</string>
			<key>sourceTree</key>
			<string>SDKROOT</string>
		</dict>
		<key>0B5714911A6A7B4C00E44CB3</key>
		<dict>
			<key>fileRef</key>
			<string>0B5714901A6A7B4C00E44CB3</string>
			<key>isa</key>
			<string>PBXBuildFile</string>
		</dict>
		<key>0B5714921A6A7B5900E44CB3</key>
		<dict>
			<key>isa</key>
			<string>PBXFileReference</string>
			<key>lastKnownFileType</key>
			<string>wrapper.framework</string>
			<key>name</key>
			<string>CoreLocation.framework</string>
			<key>path</key>
			<string>System/Library/Frameworks/CoreLocation.framework</string>
			<key>sourceTree</key>
			<string>SDKROOT</string>
		</dict>
		<key>0B5714931A6A7B5900E44CB3</key>
		<dict>
			<key>fileRef</key>
			<string>0B5714921A6A7B5900E44CB3</string>
			<key>isa</key>
			<string>PBXBuildFile</string>
		</dict>
		<key>0B5714941A6A7B6000E44CB3</key>
		<dict>
			<key>isa</key>
			<string>PBXFileReference</string>
			<key>lastKnownFileType</key>
			<string>wrapper.framework</string>
			<key>name</key>
			<string>CoreData.framework</string>
			<key>path</key>
			<string>System/Library/Frameworks/CoreData.framework</string>
			<key>sourceTree</key>
			<string>SDKROOT</string>
		</dict>
		<key>0B5714951A6A7B6000E44CB3</key>
		<dict>
			<key>fileRef</key>
			<string>0B5714941A6A7B6000E44CB3</string>
			<key>isa</key>
			<string>PBXBuildFile</string>
		</dict>
		<key>0B5714961A6A7B6800E44CB3</key>
		<dict>
			<key>isa</key>
			<string>PBXFileReference</string>
			<key>lastKnownFileType</key>
			<string>wrapper.framework</string>
			<key>name</key>
			<string>AVFoundation.framework</string>
			<key>path</key>
			<string>System/Library/Frameworks/AVFoundation.framework</string>
			<key>sourceTree</key>
			<string>SDKROOT</string>
		</dict>
		<key>0B5714971A6A7B6800E44CB3</key>
		<dict>
			<key>fileRef</key>
			<string>0B5714961A6A7B6800E44CB3</string>
			<key>isa</key>
			<string>PBXBuildFile</string>
		</dict>
		<key>0B5714981A6A7B8800E44CB3</key>
		<dict>
			<key>isa</key>
			<string>PBXBuildFile</string>
		</dict>
		<key>0B67EE8A1A9082200086723A</key>
		<dict>
			<key>fileEncoding</key>
			<string>4</string>
			<key>isa</key>
			<string>PBXFileReference</string>
			<key>lastKnownFileType</key>
			<string>sourcecode.swift</string>
			<key>path</key>
			<string>Biergarten.swift</string>
			<key>sourceTree</key>
			<string>&lt;group&gt;</string>
		</dict>
		<key>0B67EE8B1A9082200086723A</key>
		<dict>
			<key>fileRef</key>
			<string>0B67EE8A1A9082200086723A</string>
			<key>isa</key>
			<string>PBXBuildFile</string>
		</dict>
		<key>0B79B4DB1A6BCAEF006321C0</key>
		<dict>
			<key>isa</key>
			<string>PBXFileReference</string>
			<key>lastKnownFileType</key>
			<string>file.xib</string>
			<key>name</key>
			<string>Base</string>
			<key>path</key>
			<string>Base.lproj/LaunchScreen.xib</string>
			<key>sourceTree</key>
			<string>&lt;group&gt;</string>
		</dict>
		<key>0B7A0A7B1A7009DD001F39C5</key>
		<dict>
			<key>isa</key>
			<string>PBXFileReference</string>
			<key>lastKnownFileType</key>
			<string>image.png</string>
			<key>path</key>
			<string>icon_me@2x.png</string>
			<key>sourceTree</key>
			<string>&lt;group&gt;</string>
		</dict>
		<key>0B7A0A7C1A7009DD001F39C5</key>
		<dict>
			<key>fileRef</key>
			<string>0B7A0A7B1A7009DD001F39C5</string>
			<key>isa</key>
			<string>PBXBuildFile</string>
		</dict>
		<key>0B7A0A851A700C48001F39C5</key>
		<dict>
			<key>children</key>
			<array>
				<string>0B7A0A861A700C54001F39C5</string>
				<string>0B7A0A871A700C54001F39C5</string>
				<string>0B7A0A881A700C54001F39C5</string>
			</array>
			<key>isa</key>
			<string>PBXGroup</string>
			<key>name</key>
			<string>View</string>
			<key>sourceTree</key>
			<string>&lt;group&gt;</string>
		</dict>
		<key>0B7A0A861A700C54001F39C5</key>
		<dict>
			<key>fileEncoding</key>
			<string>4</string>
			<key>isa</key>
			<string>PBXFileReference</string>
			<key>lastKnownFileType</key>
			<string>sourcecode.swift</string>
			<key>path</key>
			<string>MarkerInfoView.swift</string>
			<key>sourceTree</key>
			<string>&lt;group&gt;</string>
		</dict>
		<key>0B7A0A871A700C54001F39C5</key>
		<dict>
			<key>fileEncoding</key>
			<string>4</string>
			<key>isa</key>
			<string>PBXFileReference</string>
			<key>lastKnownFileType</key>
			<string>file.xib</string>
			<key>path</key>
			<string>MarkerInfoView.xib</string>
			<key>sourceTree</key>
			<string>&lt;group&gt;</string>
		</dict>
		<key>0B7A0A881A700C54001F39C5</key>
		<dict>
			<key>fileEncoding</key>
			<string>4</string>
			<key>isa</key>
			<string>PBXFileReference</string>
			<key>lastKnownFileType</key>
			<string>sourcecode.swift</string>
			<key>path</key>
			<string>UIViewExtension.swift</string>
			<key>sourceTree</key>
			<string>&lt;group&gt;</string>
		</dict>
		<key>0B7A0A891A700C54001F39C5</key>
		<dict>
			<key>fileRef</key>
			<string>0B7A0A861A700C54001F39C5</string>
			<key>isa</key>
			<string>PBXBuildFile</string>
		</dict>
		<key>0B7A0A8A1A700C54001F39C5</key>
		<dict>
			<key>fileRef</key>
			<string>0B7A0A871A700C54001F39C5</string>
			<key>isa</key>
			<string>PBXBuildFile</string>
		</dict>
		<key>0B7A0A8B1A700C54001F39C5</key>
		<dict>
			<key>fileRef</key>
			<string>0B7A0A881A700C54001F39C5</string>
			<key>isa</key>
			<string>PBXBuildFile</string>
		</dict>
		<key>0B7A0A901A7020C7001F39C5</key>
		<dict>
			<key>fileRef</key>
			<string>0B7A0A921A7020C7001F39C5</string>
			<key>isa</key>
			<string>PBXBuildFile</string>
		</dict>
		<key>0B7A0A911A7020C7001F39C5</key>
		<dict>
			<key>isa</key>
			<string>PBXFileReference</string>
			<key>lastKnownFileType</key>
			<string>image.jpeg</string>
			<key>name</key>
			<string>de</string>
			<key>path</key>
			<string>de.lproj/Muenchen_01.jpg</string>
			<key>sourceTree</key>
			<string>&lt;group&gt;</string>
		</dict>
		<key>0B7A0A921A7020C7001F39C5</key>
		<dict>
			<key>children</key>
			<array>
				<string>0B7A0A911A7020C7001F39C5</string>
				<string>0B7A0A931A7020C8001F39C5</string>
			</array>
			<key>isa</key>
			<string>PBXVariantGroup</string>
			<key>name</key>
			<string>Muenchen_01.jpg</string>
			<key>sourceTree</key>
			<string>&lt;group&gt;</string>
		</dict>
		<key>0B7A0A931A7020C8001F39C5</key>
		<dict>
			<key>isa</key>
			<string>PBXFileReference</string>
			<key>lastKnownFileType</key>
			<string>image.jpeg</string>
			<key>name</key>
			<string>en</string>
			<key>path</key>
			<string>en.lproj/Muenchen_01.jpg</string>
			<key>sourceTree</key>
			<string>&lt;group&gt;</string>
		</dict>
		<key>0B80D1301A8E725400B51CFC</key>
		<dict>
			<key>isa</key>
			<string>PBXFileReference</string>
			<key>lastKnownFileType</key>
			<string>file.playground</string>
			<key>path</key>
			<string>Demo.playground</string>
			<key>sourceTree</key>
			<string>&lt;group&gt;</string>
		</dict>
		<key>0BAA0B711A8F4B0000834417</key>
		<dict>
			<key>fileEncoding</key>
			<string>4</string>
			<key>isa</key>
			<string>PBXFileReference</string>
			<key>lastKnownFileType</key>
			<string>sourcecode.swift</string>
			<key>path</key>
			<string>DetailViewController.swift</string>
			<key>sourceTree</key>
			<string>&lt;group&gt;</string>
		</dict>
		<key>0BAA0B721A8F4B0000834417</key>
		<dict>
			<key>fileEncoding</key>
			<string>4</string>
			<key>isa</key>
			<string>PBXFileReference</string>
			<key>lastKnownFileType</key>
			<string>sourcecode.swift</string>
			<key>path</key>
			<string>GoogleDataProvider.swift</string>
			<key>sourceTree</key>
			<string>&lt;group&gt;</string>
		</dict>
		<key>0BAA0B731A8F4B0000834417</key>
		<dict>
			<key>fileEncoding</key>
			<string>4</string>
			<key>isa</key>
			<string>PBXFileReference</string>
			<key>lastKnownFileType</key>
			<string>sourcecode.swift</string>
			<key>path</key>
			<string>GooglePlace.swift</string>
			<key>sourceTree</key>
			<string>&lt;group&gt;</string>
		</dict>
		<key>0BAA0B741A8F4B0000834417</key>
		<dict>
			<key>fileEncoding</key>
			<string>4</string>
			<key>isa</key>
			<string>PBXFileReference</string>
			<key>lastKnownFileType</key>
			<string>sourcecode.swift</string>
			<key>path</key>
			<string>MasterViewController.swift</string>
			<key>sourceTree</key>
			<string>&lt;group&gt;</string>
		</dict>
		<key>0BAA0B751A8F4B0000834417</key>
		<dict>
			<key>fileEncoding</key>
			<string>4</string>
			<key>isa</key>
			<string>PBXFileReference</string>
			<key>lastKnownFileType</key>
			<string>sourcecode.swift</string>
			<key>path</key>
			<string>NetworkViewController.swift</string>
			<key>sourceTree</key>
			<string>&lt;group&gt;</string>
		</dict>
		<key>0BAA0B761A8F4B0000834417</key>
		<dict>
			<key>fileEncoding</key>
			<string>4</string>
			<key>isa</key>
			<string>PBXFileReference</string>
			<key>lastKnownFileType</key>
			<string>sourcecode.swift</string>
			<key>path</key>
			<string>PlaceMarker.swift</string>
			<key>sourceTree</key>
			<string>&lt;group&gt;</string>
		</dict>
		<key>0BAA0B771A8F4B0000834417</key>
		<dict>
			<key>fileEncoding</key>
			<string>4</string>
			<key>isa</key>
			<string>PBXFileReference</string>
			<key>lastKnownFileType</key>
			<string>sourcecode.swift</string>
			<key>path</key>
			<string>TypesTableViewController.swift</string>
			<key>sourceTree</key>
			<string>&lt;group&gt;</string>
		</dict>
		<key>0BAA0B781A8F4B0000834417</key>
		<dict>
			<key>fileRef</key>
			<string>0BAA0B711A8F4B0000834417</string>
			<key>isa</key>
			<string>PBXBuildFile</string>
		</dict>
		<key>0BAA0B791A8F4B0000834417</key>
		<dict>
			<key>fileRef</key>
			<string>0BAA0B721A8F4B0000834417</string>
			<key>isa</key>
			<string>PBXBuildFile</string>
		</dict>
		<key>0BAA0B7A1A8F4B0000834417</key>
		<dict>
			<key>fileRef</key>
			<string>0BAA0B731A8F4B0000834417</string>
			<key>isa</key>
			<string>PBXBuildFile</string>
		</dict>
		<key>0BAA0B7B1A8F4B0000834417</key>
		<dict>
			<key>fileRef</key>
			<string>0BAA0B741A8F4B0000834417</string>
			<key>isa</key>
			<string>PBXBuildFile</string>
		</dict>
		<key>0BAA0B7C1A8F4B0000834417</key>
		<dict>
			<key>fileRef</key>
			<string>0BAA0B751A8F4B0000834417</string>
			<key>isa</key>
			<string>PBXBuildFile</string>
		</dict>
		<key>0BAA0B7D1A8F4B0000834417</key>
		<dict>
			<key>fileRef</key>
			<string>0BAA0B761A8F4B0000834417</string>
			<key>isa</key>
			<string>PBXBuildFile</string>
		</dict>
		<key>0BAA0B7E1A8F4B0000834417</key>
		<dict>
			<key>fileRef</key>
			<string>0BAA0B771A8F4B0000834417</string>
			<key>isa</key>
			<string>PBXBuildFile</string>
		</dict>
		<key>0BAA0B7F1A8F4B2100834417</key>
		<dict>
			<key>fileEncoding</key>
			<string>4</string>
			<key>isa</key>
			<string>PBXFileReference</string>
			<key>lastKnownFileType</key>
			<string>sourcecode.swift</string>
			<key>name</key>
			<string>BiergartenVO.swift</string>
			<key>path</key>
			<string>iBiergarten/BiergartenVO.swift</string>
			<key>sourceTree</key>
			<string>SOURCE_ROOT</string>
		</dict>
		<key>0BAA0B801A8F4B2100834417</key>
		<dict>
			<key>fileRef</key>
			<string>0BAA0B7F1A8F4B2100834417</string>
			<key>isa</key>
			<string>PBXBuildFile</string>
		</dict>
		<key>0CA2C334CFC7C7173E2995A7</key>
		<dict>
			<key>fileRef</key>
			<string>6A0C9348F802374B2B213AFE</string>
			<key>isa</key>
			<string>PBXBuildFile</string>
		</dict>
		<key>1678401170F337BB58F70469</key>
		<dict>
			<key>children</key>
			<array>
				<string>16784F7F312FB9B548AE3AC6</string>
				<string>0B4D313A1A6BA94200AFC29D</string>
				<string>0B4D313B1A6BA94B00AFC29D</string>
			</array>
			<key>isa</key>
			<string>PBXVariantGroup</string>
			<key>name</key>
			<string>Main.storyboard</string>
			<key>sourceTree</key>
			<string>&lt;group&gt;</string>
		</dict>
		<key>1678426F67E71BAB076E1FEB</key>
		<dict>
			<key>fileRef</key>
			<string>1678401170F337BB58F70469</string>
			<key>isa</key>
			<string>PBXBuildFile</string>
		</dict>
		<key>16784344909E4373CBDE9CE3</key>
		<dict>
			<key>children</key>
			<array>
				<string>0B79B4DB1A6BCAEF006321C0</string>
			</array>
			<key>isa</key>
			<string>PBXVariantGroup</string>
			<key>name</key>
			<string>LaunchScreen.xib</string>
			<key>sourceTree</key>
			<string>&lt;group&gt;</string>
		</dict>
		<key>1678435440DBF09E9157D772</key>
		<dict>
			<key>children</key>
			<array>
				<string>0BAA0B7F1A8F4B2100834417</string>
			</array>
			<key>isa</key>
			<string>PBXGroup</string>
			<key>name</key>
			<string>ModelVO</string>
			<key>path</key>
			<string>Model</string>
			<key>sourceTree</key>
			<string>&lt;group&gt;</string>
		</dict>
		<key>167843D10A537B13DAC1CE95</key>
		<dict>
			<key>children</key>
			<array>
				<string>16784344909E4373CBDE9CE3</string>
				<string>1678401170F337BB58F70469</string>
			</array>
			<key>isa</key>
			<string>PBXGroup</string>
			<key>path</key>
			<string>Storyboard</string>
			<key>sourceTree</key>
			<string>&lt;group&gt;</string>
		</dict>
		<key>16784583231F782E4C6FD0ED</key>
		<dict>
			<key>fileRef</key>
			<string>16784344909E4373CBDE9CE3</string>
			<key>isa</key>
			<string>PBXBuildFile</string>
		</dict>
		<key>16784A783D2242A0C40F7A8A</key>
		<dict>
			<key>children</key>
			<array>
				<string>0B43745C1A6A65C600A6E4AB</string>
				<string>0BAA0B711A8F4B0000834417</string>
				<string>0BAA0B721A8F4B0000834417</string>
				<string>0BAA0B731A8F4B0000834417</string>
				<string>0BAA0B741A8F4B0000834417</string>
				<string>0BAA0B751A8F4B0000834417</string>
				<string>0BAA0B761A8F4B0000834417</string>
				<string>0BAA0B771A8F4B0000834417</string>
			</array>
			<key>isa</key>
			<string>PBXGroup</string>
			<key>path</key>
			<string>Controllers</string>
			<key>sourceTree</key>
			<string>&lt;group&gt;</string>
		</dict>
		<key>16784F7F312FB9B548AE3AC6</key>
		<dict>
			<key>isa</key>
			<string>PBXFileReference</string>
			<key>lastKnownFileType</key>
			<string>file.storyboard</string>
			<key>name</key>
			<string>Base</string>
			<key>path</key>
			<string>iBiergarten/Base.lproj/Main.storyboard</string>
			<key>sourceTree</key>
			<string>SOURCE_ROOT</string>
		</dict>
		<key>17FDADA7D65783769D9DACDA</key>
		<dict>
			<key>explicitFileType</key>
			<string>archive.ar</string>
			<key>includeInIndex</key>
			<string>0</string>
			<key>isa</key>
			<string>PBXFileReference</string>
			<key>path</key>
			<string>libPods.a</string>
			<key>sourceTree</key>
			<string>BUILT_PRODUCTS_DIR</string>
		</dict>
		<key>432BE47B1E221075E80D5265</key>
		<dict>
			<key>buildActionMask</key>
			<string>2147483647</string>
			<key>files</key>
			<array/>
			<key>inputPaths</key>
			<array/>
			<key>isa</key>
			<string>PBXShellScriptBuildPhase</string>
			<key>name</key>
			<string>Check Pods Manifest.lock</string>
			<key>outputPaths</key>
			<array/>
			<key>runOnlyForDeploymentPostprocessing</key>
			<string>0</string>
			<key>shellPath</key>
			<string>/bin/sh</string>
			<key>shellScript</key>
			<string>diff "${PODS_ROOT}/../Podfile.lock" "${PODS_ROOT}/Manifest.lock" &gt; /dev/null
if [[ $? != 0 ]] ; then
    cat &lt;&lt; EOM
error: The sandbox is not in sync with the Podfile.lock. Run 'pod install' or update your CocoaPods installation.
EOM
    exit 1
fi
</string>
			<key>showEnvVarsInLog</key>
			<string>0</string>
		</dict>
		<key>4B56E6F1CA3FBCBCF5F5CA55</key>
		<dict>
			<key>includeInIndex</key>
			<string>1</string>
			<key>isa</key>
			<string>PBXFileReference</string>
			<key>lastKnownFileType</key>
			<string>text.xcconfig</string>
			<key>name</key>
			<string>Pods.debug.xcconfig</string>
			<key>path</key>
			<string>Pods/Target Support Files/Pods/Pods.debug.xcconfig</string>
			<key>sourceTree</key>
			<string>&lt;group&gt;</string>
		</dict>
		<key>596C6487592CDFEAB89D23C7</key>
		<dict>
			<key>children</key>
			<array>
				<string>0B207DBC1A877C2A00DC0A3F</string>
				<string>0B207DBA1A877C1F00DC0A3F</string>
				<string>0B207DB81A877C0600DC0A3F</string>
				<string>0B207DB61A877BF200DC0A3F</string>
				<string>0B207DB41A877BC300DC0A3F</string>
				<string>0B207DB21A877BBC00DC0A3F</string>
				<string>0B5714961A6A7B6800E44CB3</string>
				<string>0B5714941A6A7B6000E44CB3</string>
				<string>0B5714921A6A7B5900E44CB3</string>
				<string>0B5714901A6A7B4C00E44CB3</string>
				<string>0B57148E1A6A7B4500E44CB3</string>
				<string>0B57148C1A6A7B3F00E44CB3</string>
				<string>0B57148A1A6A7B3900E44CB3</string>
				<string>0B5714881A6A7B2D00E44CB3</string>
				<string>0B5714861A6A7B2100E44CB3</string>
				<string>0B5714841A6A7B1900E44CB3</string>
				<string>0B5714821A6A7B1100E44CB3</string>
				<string>0B5714801A6A7B0B00E44CB3</string>
				<string>17FDADA7D65783769D9DACDA</string>
				<string>6A0C9348F802374B2B213AFE</string>
			</array>
			<key>isa</key>
			<string>PBXGroup</string>
			<key>name</key>
			<string>Frameworks</string>
			<key>sourceTree</key>
			<string>&lt;group&gt;</string>
		</dict>
		<key>63CE92448F7E8DA6C476B74C</key>
		<dict>
			<key>includeInIndex</key>
			<string>1</string>
			<key>isa</key>
			<string>PBXFileReference</string>
			<key>lastKnownFileType</key>
			<string>text.xcconfig</string>
			<key>name</key>
			<string>Pods-iBiergartenTests.release.xcconfig</string>
			<key>path</key>
			<string>Pods/Target Support Files/Pods-iBiergartenTests/Pods-iBiergartenTests.release.xcconfig</string>
			<key>sourceTree</key>
			<string>&lt;group&gt;</string>
		</dict>
		<key>6A0C9348F802374B2B213AFE</key>
		<dict>
			<key>explicitFileType</key>
			<string>archive.ar</string>
			<key>includeInIndex</key>
			<string>0</string>
			<key>isa</key>
			<string>PBXFileReference</string>
			<key>path</key>
			<string>libPods-iBiergartenTests.a</string>
			<key>sourceTree</key>
			<string>BUILT_PRODUCTS_DIR</string>
		</dict>
		<key>76EF3B23C3A954896C16527D</key>
		<dict>
			<key>buildActionMask</key>
			<string>2147483647</string>
			<key>files</key>
			<array/>
			<key>inputPaths</key>
			<array/>
			<key>isa</key>
			<string>PBXShellScriptBuildPhase</string>
			<key>name</key>
			<string>Check Pods Manifest.lock</string>
			<key>outputPaths</key>
			<array/>
			<key>runOnlyForDeploymentPostprocessing</key>
			<string>0</string>
			<key>shellPath</key>
			<string>/bin/sh</string>
			<key>shellScript</key>
			<string>diff "${PODS_ROOT}/../Podfile.lock" "${PODS_ROOT}/Manifest.lock" &gt; /dev/null
if [[ $? != 0 ]] ; then
    cat &lt;&lt; EOM
error: The sandbox is not in sync with the Podfile.lock. Run 'pod install' or update your CocoaPods installation.
EOM
    exit 1
fi
</string>
			<key>showEnvVarsInLog</key>
			<string>0</string>
		</dict>
		<key>961BB75A9E83596D40E047B8</key>
		<dict>
			<key>buildActionMask</key>
			<string>2147483647</string>
			<key>files</key>
			<array/>
			<key>inputPaths</key>
			<array/>
			<key>isa</key>
			<string>PBXShellScriptBuildPhase</string>
			<key>name</key>
			<string>Copy Pods Resources</string>
			<key>outputPaths</key>
			<array/>
			<key>runOnlyForDeploymentPostprocessing</key>
			<string>0</string>
			<key>shellPath</key>
			<string>/bin/sh</string>
			<key>shellScript</key>
			<string>"${SRCROOT}/Pods/Target Support Files/Pods/Pods-resources.sh"
</string>
			<key>showEnvVarsInLog</key>
			<string>0</string>
		</dict>
		<key>9D1CAB765807E63B855CEE51</key>
		<dict>
			<key>includeInIndex</key>
			<string>1</string>
			<key>isa</key>
			<string>PBXFileReference</string>
			<key>lastKnownFileType</key>
			<string>text.xcconfig</string>
			<key>name</key>
			<string>Pods-iBiergartenTests.debug.xcconfig</string>
			<key>path</key>
			<string>Pods/Target Support Files/Pods-iBiergartenTests/Pods-iBiergartenTests.debug.xcconfig</string>
			<key>sourceTree</key>
			<string>&lt;group&gt;</string>
		</dict>
		<key>C31FB02B7D032BBA40A451D4</key>
		<dict>
			<key>children</key>
			<array>
				<string>4B56E6F1CA3FBCBCF5F5CA55</string>
				<string>DCFE5BDAE12D038C0E089F8A</string>
				<string>9D1CAB765807E63B855CEE51</string>
				<string>63CE92448F7E8DA6C476B74C</string>
			</array>
			<key>isa</key>
			<string>PBXGroup</string>
			<key>name</key>
			<string>Pods</string>
			<key>sourceTree</key>
			<string>&lt;group&gt;</string>
		</dict>
		<key>CF2D7A4C5B62F46B8E08D0F8</key>
		<dict>
			<key>fileRef</key>
			<string>17FDADA7D65783769D9DACDA</string>
			<key>isa</key>
			<string>PBXBuildFile</string>
		</dict>
		<key>DCFE5BDAE12D038C0E089F8A</key>
		<dict>
			<key>includeInIndex</key>
			<string>1</string>
			<key>isa</key>
			<string>PBXFileReference</string>
			<key>lastKnownFileType</key>
			<string>text.xcconfig</string>
			<key>name</key>
			<string>Pods.release.xcconfig</string>
			<key>path</key>
			<string>Pods/Target Support Files/Pods/Pods.release.xcconfig</string>
			<key>sourceTree</key>
			<string>&lt;group&gt;</string>
		</dict>
	</dict>
	<key>rootObject</key>
	<string>0B43744F1A6A65C600A6E4AB</string>
</dict>
</plist>
